
Microsoft Visual Studio Solution File, Format Version 12.00
# Visual Studio 2013
VisualStudioVersion = 12.0.31101.0
MinimumVisualStudioVersion = 10.0.40219.1
Project("{FAE04EC0-301F-11D3-BF4B-00C04F79EFBC}") = "Assemble-Proc", "06\Assemble-Proc\Assemble-Proc.csproj", "{D59ADC77-9BE6-4239-9A3E-569D0946384F}"
EndProject
Project("{FAE04EC0-301F-11D3-BF4B-00C04F79EFBC}") = "Assemble-OO", "06\Assemble-OO\Assemble-OO.csproj", "{C4C29AE8-BF29-44A8-B122-E545A741B006}"
EndProject
Project("{888888A0-9F3D-457C-B088-3A5042F75D52}") = "Assemble-py", "06\Assemble-py\Assemble-py.pyproj", "{F83F621A-81ED-4D32-A700-AC25AB0DAC29}"
EndProject
Project("{F2A71F9B-5D33-465A-A702-920D77279786}") = "Assemble-FS", "06\Assemble-FS\Assemble-FS.fsproj", "{C8B27EB3-4C04-427A-9A58-6A67239654F3}"
EndProject
Project("{F2A71F9B-5D33-465A-A702-920D77279786}") = "FSTutorial", "06\FSTutorial\FSTutorial.fsproj", "{89A7B2BB-D246-41D7-9E4F-3D4290452D00}"
EndProject
Project("{FAE04EC0-301F-11D3-BF4B-00C04F79EFBC}") = "VMTranslator-CS", "08\VMTranslator-CS\VMTranslator-CS.csproj", "{5C7EEB4C-3032-4D27-9C52-1D9D2F0A51F0}"
EndProject
Project("{FAE04EC0-301F-11D3-BF4B-00C04F79EFBC}") = "JackCompiler", "10\JackCompiler\JackCompiler.csproj", "{1685991E-82C7-4795-92AD-572E4E70AEAD}"
EndProject
Project("{8BC9CEB8-8B4A-11D0-8D11-00A0C91BC942}") = "Cpp", "Plus\Cpp\Cpp.vcxproj", "{F93AA18F-9CD1-48E2-9850-0F64B7CA065A}"
EndProject
Project("{8BC9CEB8-8B4A-11D0-8D11-00A0C91BC942}") = "lib_json", "Plus\jsoncpp-master\makefiles\msvc2010\lib_json.vcxproj", "{1E6C2C1C-6453-4129-AE3F-0EE8E6599C89}"
EndProject
Global
	GlobalSection(SolutionConfigurationPlatforms) = preSolution
		Debug|Any CPU = Debug|Any CPU
		Debug|ARM = Debug|ARM
		Debug|Mixed Platforms = Debug|Mixed Platforms
		Debug|Win32 = Debug|Win32
		Debug|x64 = Debug|x64
		Debug|x86 = Debug|x86
		Release|Any CPU = Release|Any CPU
		Release|ARM = Release|ARM
		Release|Mixed Platforms = Release|Mixed Platforms
		Release|Win32 = Release|Win32
		Release|x64 = Release|x64
		Release|x86 = Release|x86
	EndGlobalSection
	GlobalSection(ProjectConfigurationPlatforms) = postSolution
		{D59ADC77-9BE6-4239-9A3E-569D0946384F}.Debug|Any CPU.ActiveCfg = Debug|Any CPU
		{D59ADC77-9BE6-4239-9A3E-569D0946384F}.Debug|Any CPU.Build.0 = Debug|Any CPU
		{D59ADC77-9BE6-4239-9A3E-569D0946384F}.Debug|ARM.ActiveCfg = Debug|Any CPU
		{D59ADC77-9BE6-4239-9A3E-569D0946384F}.Debug|Mixed Platforms.ActiveCfg = Debug|Any CPU
		{D59ADC77-9BE6-4239-9A3E-569D0946384F}.Debug|Mixed Platforms.Build.0 = Debug|Any CPU
		{D59ADC77-9BE6-4239-9A3E-569D0946384F}.Debug|Win32.ActiveCfg = Debug|Any CPU
		{D59ADC77-9BE6-4239-9A3E-569D0946384F}.Debug|x64.ActiveCfg = Debug|Any CPU
		{D59ADC77-9BE6-4239-9A3E-569D0946384F}.Debug|x86.ActiveCfg = Debug|Any CPU
		{D59ADC77-9BE6-4239-9A3E-569D0946384F}.Release|Any CPU.ActiveCfg = Release|Any CPU
		{D59ADC77-9BE6-4239-9A3E-569D0946384F}.Release|Any CPU.Build.0 = Release|Any CPU
		{D59ADC77-9BE6-4239-9A3E-569D0946384F}.Release|ARM.ActiveCfg = Release|Any CPU
		{D59ADC77-9BE6-4239-9A3E-569D0946384F}.Release|Mixed Platforms.ActiveCfg = Release|Any CPU
		{D59ADC77-9BE6-4239-9A3E-569D0946384F}.Release|Mixed Platforms.Build.0 = Release|Any CPU
		{D59ADC77-9BE6-4239-9A3E-569D0946384F}.Release|Win32.ActiveCfg = Release|Any CPU
		{D59ADC77-9BE6-4239-9A3E-569D0946384F}.Release|x64.ActiveCfg = Release|Any CPU
		{D59ADC77-9BE6-4239-9A3E-569D0946384F}.Release|x86.ActiveCfg = Release|Any CPU
		{C4C29AE8-BF29-44A8-B122-E545A741B006}.Debug|Any CPU.ActiveCfg = Debug|Any CPU
		{C4C29AE8-BF29-44A8-B122-E545A741B006}.Debug|Any CPU.Build.0 = Debug|Any CPU
		{C4C29AE8-BF29-44A8-B122-E545A741B006}.Debug|ARM.ActiveCfg = Debug|Any CPU
		{C4C29AE8-BF29-44A8-B122-E545A741B006}.Debug|Mixed Platforms.ActiveCfg = Debug|Any CPU
		{C4C29AE8-BF29-44A8-B122-E545A741B006}.Debug|Mixed Platforms.Build.0 = Debug|Any CPU
		{C4C29AE8-BF29-44A8-B122-E545A741B006}.Debug|Win32.ActiveCfg = Debug|Any CPU
		{C4C29AE8-BF29-44A8-B122-E545A741B006}.Debug|x64.ActiveCfg = Debug|Any CPU
		{C4C29AE8-BF29-44A8-B122-E545A741B006}.Debug|x86.ActiveCfg = Debug|Any CPU
		{C4C29AE8-BF29-44A8-B122-E545A741B006}.Release|Any CPU.ActiveCfg = Release|Any CPU
		{C4C29AE8-BF29-44A8-B122-E545A741B006}.Release|Any CPU.Build.0 = Release|Any CPU
		{C4C29AE8-BF29-44A8-B122-E545A741B006}.Release|ARM.ActiveCfg = Release|Any CPU
		{C4C29AE8-BF29-44A8-B122-E545A741B006}.Release|Mixed Platforms.ActiveCfg = Release|Any CPU
		{C4C29AE8-BF29-44A8-B122-E545A741B006}.Release|Mixed Platforms.Build.0 = Release|Any CPU
		{C4C29AE8-BF29-44A8-B122-E545A741B006}.Release|Win32.ActiveCfg = Release|Any CPU
		{C4C29AE8-BF29-44A8-B122-E545A741B006}.Release|x64.ActiveCfg = Release|Any CPU
		{C4C29AE8-BF29-44A8-B122-E545A741B006}.Release|x86.ActiveCfg = Release|Any CPU
		{F83F621A-81ED-4D32-A700-AC25AB0DAC29}.Debug|Any CPU.ActiveCfg = Debug|Any CPU
		{F83F621A-81ED-4D32-A700-AC25AB0DAC29}.Debug|ARM.ActiveCfg = Debug|Any CPU
		{F83F621A-81ED-4D32-A700-AC25AB0DAC29}.Debug|Mixed Platforms.ActiveCfg = Debug|Any CPU
		{F83F621A-81ED-4D32-A700-AC25AB0DAC29}.Debug|Win32.ActiveCfg = Debug|Any CPU
		{F83F621A-81ED-4D32-A700-AC25AB0DAC29}.Debug|x64.ActiveCfg = Debug|Any CPU
		{F83F621A-81ED-4D32-A700-AC25AB0DAC29}.Debug|x86.ActiveCfg = Debug|Any CPU
		{F83F621A-81ED-4D32-A700-AC25AB0DAC29}.Release|Any CPU.ActiveCfg = Release|Any CPU
		{F83F621A-81ED-4D32-A700-AC25AB0DAC29}.Release|ARM.ActiveCfg = Release|Any CPU
		{F83F621A-81ED-4D32-A700-AC25AB0DAC29}.Release|Mixed Platforms.ActiveCfg = Release|Any CPU
		{F83F621A-81ED-4D32-A700-AC25AB0DAC29}.Release|Win32.ActiveCfg = Release|Any CPU
		{F83F621A-81ED-4D32-A700-AC25AB0DAC29}.Release|x64.ActiveCfg = Release|Any CPU
		{F83F621A-81ED-4D32-A700-AC25AB0DAC29}.Release|x86.ActiveCfg = Release|Any CPU
		{C8B27EB3-4C04-427A-9A58-6A67239654F3}.Debug|Any CPU.ActiveCfg = Debug|Any CPU
		{C8B27EB3-4C04-427A-9A58-6A67239654F3}.Debug|Any CPU.Build.0 = Debug|Any CPU
		{C8B27EB3-4C04-427A-9A58-6A67239654F3}.Debug|ARM.ActiveCfg = Debug|Any CPU
		{C8B27EB3-4C04-427A-9A58-6A67239654F3}.Debug|Mixed Platforms.ActiveCfg = Debug|Any CPU
		{C8B27EB3-4C04-427A-9A58-6A67239654F3}.Debug|Mixed Platforms.Build.0 = Debug|Any CPU
		{C8B27EB3-4C04-427A-9A58-6A67239654F3}.Debug|Win32.ActiveCfg = Debug|Any CPU
		{C8B27EB3-4C04-427A-9A58-6A67239654F3}.Debug|x64.ActiveCfg = Debug|Any CPU
		{C8B27EB3-4C04-427A-9A58-6A67239654F3}.Debug|x86.ActiveCfg = Debug|Any CPU
		{C8B27EB3-4C04-427A-9A58-6A67239654F3}.Release|Any CPU.ActiveCfg = Release|Any CPU
		{C8B27EB3-4C04-427A-9A58-6A67239654F3}.Release|Any CPU.Build.0 = Release|Any CPU
		{C8B27EB3-4C04-427A-9A58-6A67239654F3}.Release|ARM.ActiveCfg = Release|Any CPU
		{C8B27EB3-4C04-427A-9A58-6A67239654F3}.Release|Mixed Platforms.ActiveCfg = Release|Any CPU
		{C8B27EB3-4C04-427A-9A58-6A67239654F3}.Release|Mixed Platforms.Build.0 = Release|Any CPU
		{C8B27EB3-4C04-427A-9A58-6A67239654F3}.Release|Win32.ActiveCfg = Release|Any CPU
		{C8B27EB3-4C04-427A-9A58-6A67239654F3}.Release|x64.ActiveCfg = Release|Any CPU
		{C8B27EB3-4C04-427A-9A58-6A67239654F3}.Release|x86.ActiveCfg = Release|Any CPU
		{89A7B2BB-D246-41D7-9E4F-3D4290452D00}.Debug|Any CPU.ActiveCfg = Debug|Any CPU
		{89A7B2BB-D246-41D7-9E4F-3D4290452D00}.Debug|Any CPU.Build.0 = Debug|Any CPU
		{89A7B2BB-D246-41D7-9E4F-3D4290452D00}.Debug|ARM.ActiveCfg = Debug|Any CPU
		{89A7B2BB-D246-41D7-9E4F-3D4290452D00}.Debug|Mixed Platforms.ActiveCfg = Debug|Any CPU
		{89A7B2BB-D246-41D7-9E4F-3D4290452D00}.Debug|Mixed Platforms.Build.0 = Debug|Any CPU
		{89A7B2BB-D246-41D7-9E4F-3D4290452D00}.Debug|Win32.ActiveCfg = Debug|Any CPU
		{89A7B2BB-D246-41D7-9E4F-3D4290452D00}.Debug|x64.ActiveCfg = Debug|Any CPU
		{89A7B2BB-D246-41D7-9E4F-3D4290452D00}.Debug|x86.ActiveCfg = Debug|Any CPU
		{89A7B2BB-D246-41D7-9E4F-3D4290452D00}.Release|Any CPU.ActiveCfg = Release|Any CPU
		{89A7B2BB-D246-41D7-9E4F-3D4290452D00}.Release|Any CPU.Build.0 = Release|Any CPU
		{89A7B2BB-D246-41D7-9E4F-3D4290452D00}.Release|ARM.ActiveCfg = Release|Any CPU
		{89A7B2BB-D246-41D7-9E4F-3D4290452D00}.Release|Mixed Platforms.ActiveCfg = Release|Any CPU
		{89A7B2BB-D246-41D7-9E4F-3D4290452D00}.Release|Mixed Platforms.Build.0 = Release|Any CPU
		{89A7B2BB-D246-41D7-9E4F-3D4290452D00}.Release|Win32.ActiveCfg = Release|Any CPU
		{89A7B2BB-D246-41D7-9E4F-3D4290452D00}.Release|x64.ActiveCfg = Release|Any CPU
		{89A7B2BB-D246-41D7-9E4F-3D4290452D00}.Release|x86.ActiveCfg = Release|Any CPU
		{5C7EEB4C-3032-4D27-9C52-1D9D2F0A51F0}.Debug|Any CPU.ActiveCfg = Debug|Any CPU
		{5C7EEB4C-3032-4D27-9C52-1D9D2F0A51F0}.Debug|Any CPU.Build.0 = Debug|Any CPU
		{5C7EEB4C-3032-4D27-9C52-1D9D2F0A51F0}.Debug|ARM.ActiveCfg = Debug|Any CPU
		{5C7EEB4C-3032-4D27-9C52-1D9D2F0A51F0}.Debug|Mixed Platforms.ActiveCfg = Debug|Any CPU
		{5C7EEB4C-3032-4D27-9C52-1D9D2F0A51F0}.Debug|Mixed Platforms.Build.0 = Debug|Any CPU
		{5C7EEB4C-3032-4D27-9C52-1D9D2F0A51F0}.Debug|Win32.ActiveCfg = Debug|Any CPU
		{5C7EEB4C-3032-4D27-9C52-1D9D2F0A51F0}.Debug|x64.ActiveCfg = Debug|Any CPU
		{5C7EEB4C-3032-4D27-9C52-1D9D2F0A51F0}.Debug|x86.ActiveCfg = Debug|Any CPU
		{5C7EEB4C-3032-4D27-9C52-1D9D2F0A51F0}.Release|Any CPU.ActiveCfg = Release|Any CPU
		{5C7EEB4C-3032-4D27-9C52-1D9D2F0A51F0}.Release|Any CPU.Build.0 = Release|Any CPU
		{5C7EEB4C-3032-4D27-9C52-1D9D2F0A51F0}.Release|ARM.ActiveCfg = Release|Any CPU
		{5C7EEB4C-3032-4D27-9C52-1D9D2F0A51F0}.Release|Mixed Platforms.ActiveCfg = Release|Any CPU
		{5C7EEB4C-3032-4D27-9C52-1D9D2F0A51F0}.Release|Mixed Platforms.Build.0 = Release|Any CPU
		{5C7EEB4C-3032-4D27-9C52-1D9D2F0A51F0}.Release|Win32.ActiveCfg = Release|Any CPU
		{5C7EEB4C-3032-4D27-9C52-1D9D2F0A51F0}.Release|x64.ActiveCfg = Release|Any CPU
		{5C7EEB4C-3032-4D27-9C52-1D9D2F0A51F0}.Release|x86.ActiveCfg = Release|Any CPU
		{1685991E-82C7-4795-92AD-572E4E70AEAD}.Debug|Any CPU.ActiveCfg = Debug|Any CPU
		{1685991E-82C7-4795-92AD-572E4E70AEAD}.Debug|Any CPU.Build.0 = Debug|Any CPU
		{1685991E-82C7-4795-92AD-572E4E70AEAD}.Debug|ARM.ActiveCfg = Debug|Any CPU
		{1685991E-82C7-4795-92AD-572E4E70AEAD}.Debug|Mixed Platforms.ActiveCfg = Debug|Any CPU
		{1685991E-82C7-4795-92AD-572E4E70AEAD}.Debug|Mixed Platforms.Build.0 = Debug|Any CPU
		{1685991E-82C7-4795-92AD-572E4E70AEAD}.Debug|Win32.ActiveCfg = Debug|Any CPU
		{1685991E-82C7-4795-92AD-572E4E70AEAD}.Debug|x64.ActiveCfg = Debug|Any CPU
		{1685991E-82C7-4795-92AD-572E4E70AEAD}.Debug|x86.ActiveCfg = Debug|Any CPU
		{1685991E-82C7-4795-92AD-572E4E70AEAD}.Release|Any CPU.ActiveCfg = Release|Any CPU
		{1685991E-82C7-4795-92AD-572E4E70AEAD}.Release|Any CPU.Build.0 = Release|Any CPU
		{1685991E-82C7-4795-92AD-572E4E70AEAD}.Release|ARM.ActiveCfg = Release|Any CPU
		{1685991E-82C7-4795-92AD-572E4E70AEAD}.Release|Mixed Platforms.ActiveCfg = Release|Any CPU
		{1685991E-82C7-4795-92AD-572E4E70AEAD}.Release|Mixed Platforms.Build.0 = Release|Any CPU
		{1685991E-82C7-4795-92AD-572E4E70AEAD}.Release|Win32.ActiveCfg = Release|Any CPU
		{1685991E-82C7-4795-92AD-572E4E70AEAD}.Release|x64.ActiveCfg = Release|Any CPU
		{1685991E-82C7-4795-92AD-572E4E70AEAD}.Release|x86.ActiveCfg = Release|Any CPU
		{F93AA18F-9CD1-48E2-9850-0F64B7CA065A}.Debug|Any CPU.ActiveCfg = Debug|Win32
		{F93AA18F-9CD1-48E2-9850-0F64B7CA065A}.Debug|ARM.ActiveCfg = Debug|Win32
		{F93AA18F-9CD1-48E2-9850-0F64B7CA065A}.Debug|Mixed Platforms.ActiveCfg = Debug|Win32
		{F93AA18F-9CD1-48E2-9850-0F64B7CA065A}.Debug|Mixed Platforms.Build.0 = Debug|Win32
		{F93AA18F-9CD1-48E2-9850-0F64B7CA065A}.Debug|Win32.ActiveCfg = Debug|Win32
		{F93AA18F-9CD1-48E2-9850-0F64B7CA065A}.Debug|Win32.Build.0 = Debug|Win32
		{F93AA18F-9CD1-48E2-9850-0F64B7CA065A}.Debug|x64.ActiveCfg = Debug|Win32
		{F93AA18F-9CD1-48E2-9850-0F64B7CA065A}.Debug|x86.ActiveCfg = Debug|Win32
		{F93AA18F-9CD1-48E2-9850-0F64B7CA065A}.Debug|x86.Build.0 = Debug|Win32
		{F93AA18F-9CD1-48E2-9850-0F64B7CA065A}.Release|Any CPU.ActiveCfg = Release|Win32
		{F93AA18F-9CD1-48E2-9850-0F64B7CA065A}.Release|ARM.ActiveCfg = Release|Win32
		{F93AA18F-9CD1-48E2-9850-0F64B7CA065A}.Release|Mixed Platforms.ActiveCfg = Release|Win32
		{F93AA18F-9CD1-48E2-9850-0F64B7CA065A}.Release|Mixed Platforms.Build.0 = Release|Win32
		{F93AA18F-9CD1-48E2-9850-0F64B7CA065A}.Release|Win32.ActiveCfg = Release|Win32
		{F93AA18F-9CD1-48E2-9850-0F64B7CA065A}.Release|Win32.Build.0 = Release|Win32
		{F93AA18F-9CD1-48E2-9850-0F64B7CA065A}.Release|x64.ActiveCfg = Release|Win32
		{F93AA18F-9CD1-48E2-9850-0F64B7CA065A}.Release|x86.ActiveCfg = Release|Win32
		{F93AA18F-9CD1-48E2-9850-0F64B7CA065A}.Release|x86.Build.0 = Release|Win32
		{1E6C2C1C-6453-4129-AE3F-0EE8E6599C89}.Debug|Any CPU.ActiveCfg = Debug|Win32
		{1E6C2C1C-6453-4129-AE3F-0EE8E6599C89}.Debug|ARM.ActiveCfg = Debug|Win32
		{1E6C2C1C-6453-4129-AE3F-0EE8E6599C89}.Debug|Mixed Platforms.ActiveCfg = Debug|Win32
		{1E6C2C1C-6453-4129-AE3F-0EE8E6599C89}.Debug|Mixed Platforms.Build.0 = Debug|Win32
		{1E6C2C1C-6453-4129-AE3F-0EE8E6599C89}.Debug|Win32.ActiveCfg = Debug|Win32
		{1E6C2C1C-6453-4129-AE3F-0EE8E6599C89}.Debug|Win32.Build.0 = Debug|Win32
		{1E6C2C1C-6453-4129-AE3F-0EE8E6599C89}.Debug|x64.ActiveCfg = Debug|x64
		{1E6C2C1C-6453-4129-AE3F-0EE8E6599C89}.Debug|x64.Build.0 = Debug|x64
		{1E6C2C1C-6453-4129-AE3F-0EE8E6599C89}.Debug|x86.ActiveCfg = Debug|Win32
		{1E6C2C1C-6453-4129-AE3F-0EE8E6599C89}.Debug|x86.Build.0 = Debug|Win32
		{1E6C2C1C-6453-4129-AE3F-0EE8E6599C89}.Release|Any CPU.ActiveCfg = Release|Win32
		{1E6C2C1C-6453-4129-AE3F-0EE8E6599C89}.Release|ARM.ActiveCfg = Release|Win32
		{1E6C2C1C-6453-4129-AE3F-0EE8E6599C89}.Release|Mixed Platforms.ActiveCfg = Release|Win32
		{1E6C2C1C-6453-4129-AE3F-0EE8E6599C89}.Release|Mixed Platforms.Build.0 = Release|Win32
		{1E6C2C1C-6453-4129-AE3F-0EE8E6599C89}.Release|Win32.ActiveCfg = Release|Win32
		{1E6C2C1C-6453-4129-AE3F-0EE8E6599C89}.Release|Win32.Build.0 = Release|Win32
		{1E6C2C1C-6453-4129-AE3F-0EE8E6599C89}.Release|x64.ActiveCfg = Release|x64
		{1E6C2C1C-6453-4129-AE3F-0EE8E6599C89}.Release|x64.Build.0 = Release|x64
		{1E6C2C1C-6453-4129-AE3F-0EE8E6599C89}.Release|x86.ActiveCfg = Release|Win32
		{1E6C2C1C-6453-4129-AE3F-0EE8E6599C89}.Release|x86.Build.0 = Release|Win32
	EndGlobalSection
	GlobalSection(SolutionProperties) = preSolution
		HideSolutionNode = FALSE
	EndGlobalSection
EndGlobal
